
Microsoft Visual Studio Solution File, Format Version 12.00
# Visual Studio 2013
VisualStudioVersion = 12.0.40629.0
MinimumVisualStudioVersion = 10.0.40219.1
Project("{FAE04EC0-301F-11D3-BF4B-00C04F79EFBC}") = "NeuralNetFramework", "NeuralNetFramework\NeuralNetFramework.csproj", "{C23BBED2-A823-4201-9126-46CC13FD25AD}"
EndProject
Project("{FAE04EC0-301F-11D3-BF4B-00C04F79EFBC}") = "NeuralNetCommon", "NeuralNetCommon\NeuralNetCommon.csproj", "{ADBB5863-D2A4-4B1E-B474-328B586BF27F}"
EndProject
Project("{FAE04EC0-301F-11D3-BF4B-00C04F79EFBC}") = "Example.XOr", "Example.XOrMethod\Example.XOr.csproj", "{B01A55F6-813C-40F9-84E4-F18ADF3C218C}"
EndProject
Project("{2150E333-8FDC-42A3-9474-1A3956D46DE8}") = "Networks", "Networks", "{2F0AA35A-0F94-46AB-82B0-E1860B2EC633}"
EndProject
Project("{2150E333-8FDC-42A3-9474-1A3956D46DE8}") = "Applications", "Applications", "{0844AA65-7C7A-4DB5-9D63-F6123EFEB0BB}"
EndProject
Project("{FAE04EC0-301F-11D3-BF4B-00C04F79EFBC}") = "XOrNetworkTrainer", "XOrNetworkTrainer\XOrNetworkTrainer.csproj", "{80273666-0ACC-49B3-9B33-8DB9603A9B6C}"
EndProject
Project("{2150E333-8FDC-42A3-9474-1A3956D46DE8}") = "NewFolder1", "NewFolder1", "{1D968CB1-8707-45AC-8D43-FD1E87B4E965}"
EndProject
Global
	GlobalSection(SolutionConfigurationPlatforms) = preSolution
		Debug|Any CPU = Debug|Any CPU
		Release|Any CPU = Release|Any CPU
	EndGlobalSection
	GlobalSection(ProjectConfigurationPlatforms) = postSolution
		{C23BBED2-A823-4201-9126-46CC13FD25AD}.Debug|Any CPU.ActiveCfg = Debug|Any CPU
		{C23BBED2-A823-4201-9126-46CC13FD25AD}.Debug|Any CPU.Build.0 = Debug|Any CPU
		{C23BBED2-A823-4201-9126-46CC13FD25AD}.Release|Any CPU.ActiveCfg = Release|Any CPU
		{C23BBED2-A823-4201-9126-46CC13FD25AD}.Release|Any CPU.Build.0 = Release|Any CPU
		{ADBB5863-D2A4-4B1E-B474-328B586BF27F}.Debug|Any CPU.ActiveCfg = Debug|Any CPU
		{ADBB5863-D2A4-4B1E-B474-328B586BF27F}.Debug|Any CPU.Build.0 = Debug|Any CPU
		{ADBB5863-D2A4-4B1E-B474-328B586BF27F}.Release|Any CPU.ActiveCfg = Release|Any CPU
		{ADBB5863-D2A4-4B1E-B474-328B586BF27F}.Release|Any CPU.Build.0 = Release|Any CPU
		{B01A55F6-813C-40F9-84E4-F18ADF3C218C}.Debug|Any CPU.ActiveCfg = Debug|Any CPU
		{B01A55F6-813C-40F9-84E4-F18ADF3C218C}.Debug|Any CPU.Build.0 = Debug|Any CPU
		{B01A55F6-813C-40F9-84E4-F18ADF3C218C}.Release|Any CPU.ActiveCfg = Release|Any CPU
		{B01A55F6-813C-40F9-84E4-F18ADF3C218C}.Release|Any CPU.Build.0 = Release|Any CPU
		{80273666-0ACC-49B3-9B33-8DB9603A9B6C}.Debug|Any CPU.ActiveCfg = Debug|Any CPU
		{80273666-0ACC-49B3-9B33-8DB9603A9B6C}.Debug|Any CPU.Build.0 = Debug|Any CPU
		{80273666-0ACC-49B3-9B33-8DB9603A9B6C}.Release|Any CPU.ActiveCfg = Release|Any CPU
		{80273666-0ACC-49B3-9B33-8DB9603A9B6C}.Release|Any CPU.Build.0 = Release|Any CPU
	EndGlobalSection
	GlobalSection(SolutionProperties) = preSolution
		HideSolutionNode = FALSE
	EndGlobalSection
	GlobalSection(NestedProjects) = preSolution
		{B01A55F6-813C-40F9-84E4-F18ADF3C218C} = {2F0AA35A-0F94-46AB-82B0-E1860B2EC633}
		{80273666-0ACC-49B3-9B33-8DB9603A9B6C} = {0844AA65-7C7A-4DB5-9D63-F6123EFEB0BB}
	EndGlobalSection
EndGlobal
